{
  "object": {
    "pins": [
      {
        "package": "async-http-client",
        "repositoryURL": "https://github.com/swift-server/async-http-client.git",
        "state": {
          "branch": null,
          "revision": "fc510a39cff61b849bf5cdff17eb2bd6d0777b49",
          "version": "1.11.5"
        }
      },
      {
        "package": "Appwrite",
        "repositoryURL": "https://github.com/appwrite/sdk-for-swift",
        "state": {
          "branch": null,
          "revision": "6a3e92318add431004566d867cd1ad1072c702ba",
          "version": "1.0.0"
        }
      },
      {
        "package": "swift-atomics",
        "repositoryURL": "https://github.com/apple/swift-atomics.git",
        "state": {
          "branch": null,
          "revision": "919eb1d83e02121cdb434c7bfc1f0c66ef17febe",
          "version": "1.0.2"
        }
      },
      {
        "package": "swift-log",
        "repositoryURL": "https://github.com/apple/swift-log.git",
        "state": {
          "branch": null,
          "revision": "6fe203dc33195667ce1759bf0182975e4653ba1c",
          "version": "1.4.4"
        }
      },
      {
        "package": "swift-nio",
        "repositoryURL": "https://github.com/apple/swift-nio.git",
        "state": {
          "branch": null,
          "revision": "b4e0a274f7f34210e97e2f2c50ab02a10b549250",
          "version": "2.41.1"
        }
      },
      {
        "package": "swift-nio-extras",
        "repositoryURL": "https://github.com/apple/swift-nio-extras.git",
        "state": {
          "branch": null,
          "revision": "5334d949febb396a4e2e5235e9fbcd9c3c014bb3",
          "version": "1.13.0"
        }
      },
      {
        "package": "swift-nio-http2",
        "repositoryURL": "https://github.com/apple/swift-nio-http2.git",
        "state": {
          "branch": null,
          "revision": "f9ab1c94c80d568efd762d2a638f25162691d766",
          "version": "1.22.1"
        }
      },
      {
        "package": "swift-nio-ssl",
        "repositoryURL": "https://github.com/apple/swift-nio-ssl.git",
        "state": {
          "branch": null,
          "revision": "a6f9a034e5903024c6bac4ce2c56b157688d844f",
          "version": "2.22.0"
        }
      },
      {
        "package": "swift-nio-transport-services",
        "repositoryURL": "https://github.com/apple/swift-nio-transport-services.git",
        "state": {
          "branch": null,
          "revision": "4e02d9cf35cabfb538c96613272fb027dd0c8692",
          "version": "1.13.1"
        }
      }
    ]
  },
  "version": 1
}
